
Microsoft Visual Studio Solution File, Format Version 12.00
# Visual Studio Version 17
VisualStudioVersion = 17.0.31903.59
MinimumVisualStudioVersion = 10.0.40219.1
Project("{2150E333-8FDC-42A3-9474-1A3956D46DE8}") = "src", "src", "{827E0CD3-B72D-47B6-A68D-7590B98EB39B}"
EndProject
Project("{FAE04EC0-301F-11D3-BF4B-00C04F79EFBC}") = "NonIPFileDelivery", "src\NonIPFileDelivery\NonIPFileDelivery.csproj", "{4A64A927-5345-4E05-835A-AAAA4F44814B}"
EndProject
Project("{FAE04EC0-301F-11D3-BF4B-00C04F79EFBC}") = "NonIPConfigTool", "src\NonIPConfigTool\NonIPConfigTool.csproj", "{4D15BE51-6A16-4D3B-B471-E2DCAE336D1A}"
EndProject
Project("{FAE04EC0-301F-11D3-BF4B-00C04F79EFBC}") = "NonIPWebConfig", "src\NonIPWebConfig\NonIPWebConfig.csproj", "{0BD8F9D2-E622-4635-AD27-6E391F0E5EEB}"
EndProject
Project("{FAE04EC0-301F-11D3-BF4B-00C04F79EFBC}") = "NonIPPerformanceTest", "src\NonIPPerformanceTest\NonIPPerformanceTest.csproj", "{49F34D7D-E0D5-4E04-A33F-AF161A07AC59}"
EndProject
Project("{FAE04EC0-301F-11D3-BF4B-00C04F79EFBC}") = "NonIPLoadTest", "src\NonIPLoadTest\NonIPLoadTest.csproj", "{87364ACE-0901-4F03-9320-5F3F33172F4B}"
EndProject
Global
	GlobalSection(SolutionConfigurationPlatforms) = preSolution
		Debug|Any CPU = Debug|Any CPU
		Debug|x64 = Debug|x64
		Debug|x86 = Debug|x86
		Release|Any CPU = Release|Any CPU
		Release|x64 = Release|x64
		Release|x86 = Release|x86
	EndGlobalSection
	GlobalSection(ProjectConfigurationPlatforms) = postSolution
		{4A64A927-5345-4E05-835A-AAAA4F44814B}.Debug|Any CPU.ActiveCfg = Debug|Any CPU
		{4A64A927-5345-4E05-835A-AAAA4F44814B}.Debug|Any CPU.Build.0 = Debug|Any CPU
		{4A64A927-5345-4E05-835A-AAAA4F44814B}.Debug|x64.ActiveCfg = Debug|Any CPU
		{4A64A927-5345-4E05-835A-AAAA4F44814B}.Debug|x64.Build.0 = Debug|Any CPU
		{4A64A927-5345-4E05-835A-AAAA4F44814B}.Debug|x86.ActiveCfg = Debug|Any CPU
		{4A64A927-5345-4E05-835A-AAAA4F44814B}.Debug|x86.Build.0 = Debug|Any CPU
		{4A64A927-5345-4E05-835A-AAAA4F44814B}.Release|Any CPU.ActiveCfg = Release|Any CPU
		{4A64A927-5345-4E05-835A-AAAA4F44814B}.Release|Any CPU.Build.0 = Release|Any CPU
		{4A64A927-5345-4E05-835A-AAAA4F44814B}.Release|x64.ActiveCfg = Release|Any CPU
		{4A64A927-5345-4E05-835A-AAAA4F44814B}.Release|x64.Build.0 = Release|Any CPU
		{4A64A927-5345-4E05-835A-AAAA4F44814B}.Release|x86.ActiveCfg = Release|Any CPU
		{4A64A927-5345-4E05-835A-AAAA4F44814B}.Release|x86.Build.0 = Release|Any CPU
		{4D15BE51-6A16-4D3B-B471-E2DCAE336D1A}.Debug|Any CPU.ActiveCfg = Debug|Any CPU
		{4D15BE51-6A16-4D3B-B471-E2DCAE336D1A}.Debug|Any CPU.Build.0 = Debug|Any CPU
		{4D15BE51-6A16-4D3B-B471-E2DCAE336D1A}.Debug|x64.ActiveCfg = Debug|Any CPU
		{4D15BE51-6A16-4D3B-B471-E2DCAE336D1A}.Debug|x64.Build.0 = Debug|Any CPU
		{4D15BE51-6A16-4D3B-B471-E2DCAE336D1A}.Debug|x86.ActiveCfg = Debug|Any CPU
		{4D15BE51-6A16-4D3B-B471-E2DCAE336D1A}.Debug|x86.Build.0 = Debug|Any CPU
		{4D15BE51-6A16-4D3B-B471-E2DCAE336D1A}.Release|Any CPU.ActiveCfg = Release|Any CPU
		{4D15BE51-6A16-4D3B-B471-E2DCAE336D1A}.Release|Any CPU.Build.0 = Release|Any CPU
		{4D15BE51-6A16-4D3B-B471-E2DCAE336D1A}.Release|x64.ActiveCfg = Release|Any CPU
		{4D15BE51-6A16-4D3B-B471-E2DCAE336D1A}.Release|x64.Build.0 = Release|Any CPU
		{4D15BE51-6A16-4D3B-B471-E2DCAE336D1A}.Release|x86.ActiveCfg = Release|Any CPU
		{4D15BE51-6A16-4D3B-B471-E2DCAE336D1A}.Release|x86.Build.0 = Release|Any CPU
		{0BD8F9D2-E622-4635-AD27-6E391F0E5EEB}.Debug|Any CPU.ActiveCfg = Debug|Any CPU
		{0BD8F9D2-E622-4635-AD27-6E391F0E5EEB}.Debug|Any CPU.Build.0 = Debug|Any CPU
		{0BD8F9D2-E622-4635-AD27-6E391F0E5EEB}.Debug|x64.ActiveCfg = Debug|Any CPU
		{0BD8F9D2-E622-4635-AD27-6E391F0E5EEB}.Debug|x64.Build.0 = Debug|Any CPU
		{0BD8F9D2-E622-4635-AD27-6E391F0E5EEB}.Debug|x86.ActiveCfg = Debug|Any CPU
		{0BD8F9D2-E622-4635-AD27-6E391F0E5EEB}.Debug|x86.Build.0 = Debug|Any CPU
		{0BD8F9D2-E622-4635-AD27-6E391F0E5EEB}.Release|Any CPU.ActiveCfg = Release|Any CPU
		{0BD8F9D2-E622-4635-AD27-6E391F0E5EEB}.Release|Any CPU.Build.0 = Release|Any CPU
		{0BD8F9D2-E622-4635-AD27-6E391F0E5EEB}.Release|x64.ActiveCfg = Release|Any CPU
		{0BD8F9D2-E622-4635-AD27-6E391F0E5EEB}.Release|x64.Build.0 = Release|Any CPU
		{0BD8F9D2-E622-4635-AD27-6E391F0E5EEB}.Release|x86.ActiveCfg = Release|Any CPU
		{0BD8F9D2-E622-4635-AD27-6E391F0E5EEB}.Release|x86.Build.0 = Release|Any CPU
		{49F34D7D-E0D5-4E04-A33F-AF161A07AC59}.Debug|Any CPU.ActiveCfg = Debug|Any CPU
		{49F34D7D-E0D5-4E04-A33F-AF161A07AC59}.Debug|Any CPU.Build.0 = Debug|Any CPU
		{49F34D7D-E0D5-4E04-A33F-AF161A07AC59}.Debug|x64.ActiveCfg = Debug|Any CPU
		{49F34D7D-E0D5-4E04-A33F-AF161A07AC59}.Debug|x64.Build.0 = Debug|Any CPU
		{49F34D7D-E0D5-4E04-A33F-AF161A07AC59}.Debug|x86.ActiveCfg = Debug|Any CPU
		{49F34D7D-E0D5-4E04-A33F-AF161A07AC59}.Debug|x86.Build.0 = Debug|Any CPU
		{49F34D7D-E0D5-4E04-A33F-AF161A07AC59}.Release|Any CPU.ActiveCfg = Release|Any CPU
		{49F34D7D-E0D5-4E04-A33F-AF161A07AC59}.Release|Any CPU.Build.0 = Release|Any CPU
		{49F34D7D-E0D5-4E04-A33F-AF161A07AC59}.Release|x64.ActiveCfg = Release|Any CPU
		{49F34D7D-E0D5-4E04-A33F-AF161A07AC59}.Release|x64.Build.0 = Release|Any CPU
		{49F34D7D-E0D5-4E04-A33F-AF161A07AC59}.Release|x86.ActiveCfg = Release|Any CPU
		{49F34D7D-E0D5-4E04-A33F-AF161A07AC59}.Release|x86.Build.0 = Release|Any CPU
		{87364ACE-0901-4F03-9320-5F3F33172F4B}.Debug|Any CPU.ActiveCfg = Debug|Any CPU
		{87364ACE-0901-4F03-9320-5F3F33172F4B}.Debug|Any CPU.Build.0 = Debug|Any CPU
		{87364ACE-0901-4F03-9320-5F3F33172F4B}.Debug|x64.ActiveCfg = Debug|Any CPU
		{87364ACE-0901-4F03-9320-5F3F33172F4B}.Debug|x64.Build.0 = Debug|Any CPU
		{87364ACE-0901-4F03-9320-5F3F33172F4B}.Debug|x86.ActiveCfg = Debug|Any CPU
		{87364ACE-0901-4F03-9320-5F3F33172F4B}.Debug|x86.Build.0 = Debug|Any CPU
		{87364ACE-0901-4F03-9320-5F3F33172F4B}.Release|Any CPU.ActiveCfg = Release|Any CPU
		{87364ACE-0901-4F03-9320-5F3F33172F4B}.Release|Any CPU.Build.0 = Release|Any CPU
		{87364ACE-0901-4F03-9320-5F3F33172F4B}.Release|x64.ActiveCfg = Release|Any CPU
		{87364ACE-0901-4F03-9320-5F3F33172F4B}.Release|x64.Build.0 = Release|Any CPU
		{87364ACE-0901-4F03-9320-5F3F33172F4B}.Release|x86.ActiveCfg = Release|Any CPU
		{87364ACE-0901-4F03-9320-5F3F33172F4B}.Release|x86.Build.0 = Release|Any CPU
	EndGlobalSection
	GlobalSection(SolutionProperties) = preSolution
		HideSolutionNode = FALSE
	EndGlobalSection
	GlobalSection(NestedProjects) = preSolution
		{4A64A927-5345-4E05-835A-AAAA4F44814B} = {827E0CD3-B72D-47B6-A68D-7590B98EB39B}
		{4D15BE51-6A16-4D3B-B471-E2DCAE336D1A} = {827E0CD3-B72D-47B6-A68D-7590B98EB39B}
		{0BD8F9D2-E622-4635-AD27-6E391F0E5EEB} = {827E0CD3-B72D-47B6-A68D-7590B98EB39B}
		{49F34D7D-E0D5-4E04-A33F-AF161A07AC59} = {827E0CD3-B72D-47B6-A68D-7590B98EB39B}
		{87364ACE-0901-4F03-9320-5F3F33172F4B} = {827E0CD3-B72D-47B6-A68D-7590B98EB39B}
	EndGlobalSection
EndGlobal
